
Microsoft Visual Studio Solution File, Format Version 12.00
# Visual Studio 15
VisualStudioVersion = 15.0.28307.329
MinimumVisualStudioVersion = 10.0.40219.1
Project("{FAE04EC0-301F-11D3-BF4B-00C04F79EFBC}") = "Task1", "Task1\Task1.csproj", "{DA588E69-2218-447A-87FB-34F75775F11F}"
EndProject
Project("{FAE04EC0-301F-11D3-BF4B-00C04F79EFBC}") = "Task2", "Task2\Task2.csproj", "{F342AD65-BC2C-4AB0-A3C9-D04A0739AB0F}"
EndProject
Global
	GlobalSection(SolutionConfigurationPlatforms) = preSolution
		Debug|Any CPU = Debug|Any CPU
		Release|Any CPU = Release|Any CPU
	EndGlobalSection
	GlobalSection(ProjectConfigurationPlatforms) = postSolution
		{DA588E69-2218-447A-87FB-34F75775F11F}.Debug|Any CPU.ActiveCfg = Debug|Any CPU
		{DA588E69-2218-447A-87FB-34F75775F11F}.Debug|Any CPU.Build.0 = Debug|Any CPU
		{DA588E69-2218-447A-87FB-34F75775F11F}.Release|Any CPU.ActiveCfg = Release|Any CPU
		{DA588E69-2218-447A-87FB-34F75775F11F}.Release|Any CPU.Build.0 = Release|Any CPU
		{F342AD65-BC2C-4AB0-A3C9-D04A0739AB0F}.Debug|Any CPU.ActiveCfg = Debug|Any CPU
		{F342AD65-BC2C-4AB0-A3C9-D04A0739AB0F}.Debug|Any CPU.Build.0 = Debug|Any CPU
		{F342AD65-BC2C-4AB0-A3C9-D04A0739AB0F}.Release|Any CPU.ActiveCfg = Release|Any CPU
		{F342AD65-BC2C-4AB0-A3C9-D04A0739AB0F}.Release|Any CPU.Build.0 = Release|Any CPU
	EndGlobalSection
	GlobalSection(SolutionProperties) = preSolution
		HideSolutionNode = FALSE
	EndGlobalSection
	GlobalSection(ExtensibilityGlobals) = postSolution
		SolutionGuid = {72D5E508-E344-49F5-BD18-4B50119CBBB2}
	EndGlobalSection
EndGlobal
