
Microsoft Visual Studio Solution File, Format Version 12.00
# Visual Studio 15
VisualStudioVersion = 15.0.28307.329
MinimumVisualStudioVersion = 10.0.40219.1
Project("{FAE04EC0-301F-11D3-BF4B-00C04F79EFBC}") = "Task03", "Task03\Task03.csproj", "{6DAEF881-3287-49A8-8BF0-8668FED6255F}"
EndProject
Project("{FAE04EC0-301F-11D3-BF4B-00C04F79EFBC}") = "task4", "task4\task4.csproj", "{F76F1919-2E4D-4E88-8138-688CAC49D1E6}"
EndProject
Global
	GlobalSection(SolutionConfigurationPlatforms) = preSolution
		Debug|Any CPU = Debug|Any CPU
		Release|Any CPU = Release|Any CPU
	EndGlobalSection
	GlobalSection(ProjectConfigurationPlatforms) = postSolution
		{6DAEF881-3287-49A8-8BF0-8668FED6255F}.Debug|Any CPU.ActiveCfg = Debug|Any CPU
		{6DAEF881-3287-49A8-8BF0-8668FED6255F}.Debug|Any CPU.Build.0 = Debug|Any CPU
		{6DAEF881-3287-49A8-8BF0-8668FED6255F}.Release|Any CPU.ActiveCfg = Release|Any CPU
		{6DAEF881-3287-49A8-8BF0-8668FED6255F}.Release|Any CPU.Build.0 = Release|Any CPU
		{F76F1919-2E4D-4E88-8138-688CAC49D1E6}.Debug|Any CPU.ActiveCfg = Debug|Any CPU
		{F76F1919-2E4D-4E88-8138-688CAC49D1E6}.Debug|Any CPU.Build.0 = Debug|Any CPU
		{F76F1919-2E4D-4E88-8138-688CAC49D1E6}.Release|Any CPU.ActiveCfg = Release|Any CPU
		{F76F1919-2E4D-4E88-8138-688CAC49D1E6}.Release|Any CPU.Build.0 = Release|Any CPU
	EndGlobalSection
	GlobalSection(SolutionProperties) = preSolution
		HideSolutionNode = FALSE
	EndGlobalSection
	GlobalSection(ExtensibilityGlobals) = postSolution
		SolutionGuid = {3686DEBD-B928-4100-933A-510C62EBEB63}
	EndGlobalSection
EndGlobal
