
Microsoft Visual Studio Solution File, Format Version 12.00
# Visual Studio 15
VisualStudioVersion = 15.0.28307.329
MinimumVisualStudioVersion = 10.0.40219.1
Project("{FAE04EC0-301F-11D3-BF4B-00C04F79EFBC}") = "Task1", "Task1\Task1.csproj", "{C2189439-5E33-445B-8FB0-2197A4750B4F}"
EndProject
Project("{FAE04EC0-301F-11D3-BF4B-00C04F79EFBC}") = "Task2", "Task2\Task2.csproj", "{CA11BAF1-E400-4B73-80CE-128191BE63A0}"
EndProject
Project("{FAE04EC0-301F-11D3-BF4B-00C04F79EFBC}") = "Task3", "Task3\Task3.csproj", "{251A36A1-6BB5-4801-99AB-90E7C4C3D8FD}"
EndProject
Project("{FAE04EC0-301F-11D3-BF4B-00C04F79EFBC}") = "Task4", "Task4\Task4.csproj", "{029E4ED8-03BE-4AB2-80E9-29BB1DE08485}"
EndProject
Project("{FAE04EC0-301F-11D3-BF4B-00C04F79EFBC}") = "ConsoleApp2", "ConsoleApp2\ConsoleApp2.csproj", "{E4E3AEE6-9C3A-4291-9E45-9DDD78CC1910}"
EndProject
Global
	GlobalSection(SolutionConfigurationPlatforms) = preSolution
		Debug|Any CPU = Debug|Any CPU
		Release|Any CPU = Release|Any CPU
	EndGlobalSection
	GlobalSection(ProjectConfigurationPlatforms) = postSolution
		{C2189439-5E33-445B-8FB0-2197A4750B4F}.Debug|Any CPU.ActiveCfg = Debug|Any CPU
		{C2189439-5E33-445B-8FB0-2197A4750B4F}.Debug|Any CPU.Build.0 = Debug|Any CPU
		{C2189439-5E33-445B-8FB0-2197A4750B4F}.Release|Any CPU.ActiveCfg = Release|Any CPU
		{C2189439-5E33-445B-8FB0-2197A4750B4F}.Release|Any CPU.Build.0 = Release|Any CPU
		{CA11BAF1-E400-4B73-80CE-128191BE63A0}.Debug|Any CPU.ActiveCfg = Debug|Any CPU
		{CA11BAF1-E400-4B73-80CE-128191BE63A0}.Debug|Any CPU.Build.0 = Debug|Any CPU
		{CA11BAF1-E400-4B73-80CE-128191BE63A0}.Release|Any CPU.ActiveCfg = Release|Any CPU
		{CA11BAF1-E400-4B73-80CE-128191BE63A0}.Release|Any CPU.Build.0 = Release|Any CPU
		{251A36A1-6BB5-4801-99AB-90E7C4C3D8FD}.Debug|Any CPU.ActiveCfg = Debug|Any CPU
		{251A36A1-6BB5-4801-99AB-90E7C4C3D8FD}.Debug|Any CPU.Build.0 = Debug|Any CPU
		{251A36A1-6BB5-4801-99AB-90E7C4C3D8FD}.Release|Any CPU.ActiveCfg = Release|Any CPU
		{251A36A1-6BB5-4801-99AB-90E7C4C3D8FD}.Release|Any CPU.Build.0 = Release|Any CPU
		{029E4ED8-03BE-4AB2-80E9-29BB1DE08485}.Debug|Any CPU.ActiveCfg = Debug|Any CPU
		{029E4ED8-03BE-4AB2-80E9-29BB1DE08485}.Debug|Any CPU.Build.0 = Debug|Any CPU
		{029E4ED8-03BE-4AB2-80E9-29BB1DE08485}.Release|Any CPU.ActiveCfg = Release|Any CPU
		{029E4ED8-03BE-4AB2-80E9-29BB1DE08485}.Release|Any CPU.Build.0 = Release|Any CPU
		{E4E3AEE6-9C3A-4291-9E45-9DDD78CC1910}.Debug|Any CPU.ActiveCfg = Debug|Any CPU
		{E4E3AEE6-9C3A-4291-9E45-9DDD78CC1910}.Debug|Any CPU.Build.0 = Debug|Any CPU
		{E4E3AEE6-9C3A-4291-9E45-9DDD78CC1910}.Release|Any CPU.ActiveCfg = Release|Any CPU
		{E4E3AEE6-9C3A-4291-9E45-9DDD78CC1910}.Release|Any CPU.Build.0 = Release|Any CPU
	EndGlobalSection
	GlobalSection(SolutionProperties) = preSolution
		HideSolutionNode = FALSE
	EndGlobalSection
	GlobalSection(ExtensibilityGlobals) = postSolution
		SolutionGuid = {62A0A7E8-1415-4E3A-915F-B3085D1354DD}
	EndGlobalSection
EndGlobal
